
Microsoft Visual Studio Solution File, Format Version 12.00
# Visual Studio Version 16
VisualStudioVersion = 16.0.29920.165
MinimumVisualStudioVersion = 10.0.40219.1
Project("{FAE04EC0-301F-11D3-BF4B-00C04F79EFBC}") = "T4NL.Model", "T4NL.Model\T4NL.Model.csproj", "{F7FC6E90-2966-4106-9918-295027773FA9}"
EndProject
Project("{FAE04EC0-301F-11D3-BF4B-00C04F79EFBC}") = "T4NL.DAL", "T4NL.DAL\T4NL.DAL.csproj", "{341D689E-DD15-4EFA-B856-A57202BF0630}"
EndProject
Project("{FAE04EC0-301F-11D3-BF4B-00C04F79EFBC}") = "T4NL.BLL", "T4NL.BLL\T4NL.BLL.csproj", "{98A6C48F-73AD-44EA-83ED-EA360E85EBC0}"
EndProject
Project("{FAE04EC0-301F-11D3-BF4B-00C04F79EFBC}") = "T4NL.Common", "T4NL.Common\T4NL.Common.csproj", "{281B963E-98BD-4DFF-B824-07F5834E59C8}"
EndProject
Project("{FAE04EC0-301F-11D3-BF4B-00C04F79EFBC}") = "T4NL.Web", "T4NL.Web\T4NL.Web.csproj", "{CD4AE005-B272-45F2-9366-FAD35BE6474B}"
EndProject
Global
	GlobalSection(SolutionConfigurationPlatforms) = preSolution
		Debug|Any CPU = Debug|Any CPU
		Release|Any CPU = Release|Any CPU
	EndGlobalSection
	GlobalSection(ProjectConfigurationPlatforms) = postSolution
		{F7FC6E90-2966-4106-9918-295027773FA9}.Debug|Any CPU.ActiveCfg = Debug|Any CPU
		{F7FC6E90-2966-4106-9918-295027773FA9}.Debug|Any CPU.Build.0 = Debug|Any CPU
		{F7FC6E90-2966-4106-9918-295027773FA9}.Release|Any CPU.ActiveCfg = Release|Any CPU
		{F7FC6E90-2966-4106-9918-295027773FA9}.Release|Any CPU.Build.0 = Release|Any CPU
		{341D689E-DD15-4EFA-B856-A57202BF0630}.Debug|Any CPU.ActiveCfg = Debug|Any CPU
		{341D689E-DD15-4EFA-B856-A57202BF0630}.Debug|Any CPU.Build.0 = Debug|Any CPU
		{341D689E-DD15-4EFA-B856-A57202BF0630}.Release|Any CPU.ActiveCfg = Release|Any CPU
		{341D689E-DD15-4EFA-B856-A57202BF0630}.Release|Any CPU.Build.0 = Release|Any CPU
		{98A6C48F-73AD-44EA-83ED-EA360E85EBC0}.Debug|Any CPU.ActiveCfg = Debug|Any CPU
		{98A6C48F-73AD-44EA-83ED-EA360E85EBC0}.Debug|Any CPU.Build.0 = Debug|Any CPU
		{98A6C48F-73AD-44EA-83ED-EA360E85EBC0}.Release|Any CPU.ActiveCfg = Release|Any CPU
		{98A6C48F-73AD-44EA-83ED-EA360E85EBC0}.Release|Any CPU.Build.0 = Release|Any CPU
		{281B963E-98BD-4DFF-B824-07F5834E59C8}.Debug|Any CPU.ActiveCfg = Debug|Any CPU
		{281B963E-98BD-4DFF-B824-07F5834E59C8}.Debug|Any CPU.Build.0 = Debug|Any CPU
		{281B963E-98BD-4DFF-B824-07F5834E59C8}.Release|Any CPU.ActiveCfg = Release|Any CPU
		{281B963E-98BD-4DFF-B824-07F5834E59C8}.Release|Any CPU.Build.0 = Release|Any CPU
		{CD4AE005-B272-45F2-9366-FAD35BE6474B}.Debug|Any CPU.ActiveCfg = Debug|Any CPU
		{CD4AE005-B272-45F2-9366-FAD35BE6474B}.Debug|Any CPU.Build.0 = Debug|Any CPU
		{CD4AE005-B272-45F2-9366-FAD35BE6474B}.Release|Any CPU.ActiveCfg = Release|Any CPU
		{CD4AE005-B272-45F2-9366-FAD35BE6474B}.Release|Any CPU.Build.0 = Release|Any CPU
	EndGlobalSection
	GlobalSection(SolutionProperties) = preSolution
		HideSolutionNode = FALSE
	EndGlobalSection
	GlobalSection(ExtensibilityGlobals) = postSolution
		SolutionGuid = {F2B6460E-F885-4BE7-9CB1-71E3A64CF93F}
	EndGlobalSection
EndGlobal
